
Microsoft Visual Studio Solution File, Format Version 12.00
# Visual Studio Version 17
VisualStudioVersion = 17.3.32901.215
MinimumVisualStudioVersion = 10.0.40219.1
Project("{FAE04EC0-301F-11D3-BF4B-00C04F79EFBC}") = "BohdanDZ4 1", "BohdanDZ4 1.csproj", "{EC8035EA-9320-4E87-A227-7133659A1B5A}"
EndProject
Global
	GlobalSection(SolutionConfigurationPlatforms) = preSolution
		Debug|Any CPU = Debug|Any CPU
		Release|Any CPU = Release|Any CPU
	EndGlobalSection
	GlobalSection(ProjectConfigurationPlatforms) = postSolution
		{EC8035EA-9320-4E87-A227-7133659A1B5A}.Debug|Any CPU.ActiveCfg = Debug|Any CPU
		{EC8035EA-9320-4E87-A227-7133659A1B5A}.Debug|Any CPU.Build.0 = Debug|Any CPU
		{EC8035EA-9320-4E87-A227-7133659A1B5A}.Release|Any CPU.ActiveCfg = Release|Any CPU
		{EC8035EA-9320-4E87-A227-7133659A1B5A}.Release|Any CPU.Build.0 = Release|Any CPU
	EndGlobalSection
	GlobalSection(SolutionProperties) = preSolution
		HideSolutionNode = FALSE
	EndGlobalSection
	GlobalSection(ExtensibilityGlobals) = postSolution
		SolutionGuid = {1997BBF2-BC78-4538-958A-AA75A2813C53}
	EndGlobalSection
EndGlobal
